
Microsoft Visual Studio Solution File, Format Version 12.00
# Visual Studio Version 17
VisualStudioVersion = 17.4.33403.182
MinimumVisualStudioVersion = 10.0.40219.1
Project("{9A19103F-16F7-4668-BE54-9A1E7A4F7556}") = "CleanArchMvc.Application", "CleanArchMvc.Application\CleanArchMvc.Application.csproj", "{3707ED5F-BF00-4BF2-918C-BB74870A9D44}"
EndProject
Project("{9A19103F-16F7-4668-BE54-9A1E7A4F7556}") = "CleanArchMvc.Domain", "CleanArchMvc.Domain\CleanArchMvc.Domain.csproj", "{7C8F2A2C-D976-42FE-8B71-E8985ED7AA2B}"
EndProject
Project("{9A19103F-16F7-4668-BE54-9A1E7A4F7556}") = "CleanArchMvc.Infra.Data", "CleanArchMvc.Infra.Data\CleanArchMvc.Infra.Data.csproj", "{B2665F1B-3366-4753-9CF7-DB78B19B4047}"
EndProject
Project("{9A19103F-16F7-4668-BE54-9A1E7A4F7556}") = "CleanArchMvc.Infra.IoC", "CleanArchMvc.Infra.IoC\CleanArchMvc.Infra.IoC.csproj", "{86A78879-E71F-47E0-8441-F804DBD6651C}"
EndProject
Project("{9A19103F-16F7-4668-BE54-9A1E7A4F7556}") = "CleanArchMvc.Domain.Tests", "CleanArchMvc.Domain.Tests\CleanArchMvc.Domain.Tests.csproj", "{8F4445F8-B96D-4F6F-A248-53C5A78532AC}"
EndProject
Project("{FAE04EC0-301F-11D3-BF4B-00C04F79EFBC}") = "CleanArchMvc.WebUI", "CleanArchMvc.WebUI\CleanArchMvc.WebUI.csproj", "{8BDA3B8B-111A-42D4-8D06-9582D9ABF959}"
EndProject
Global
	GlobalSection(SolutionConfigurationPlatforms) = preSolution
		Debug|Any CPU = Debug|Any CPU
		Release|Any CPU = Release|Any CPU
	EndGlobalSection
	GlobalSection(ProjectConfigurationPlatforms) = postSolution
		{3707ED5F-BF00-4BF2-918C-BB74870A9D44}.Debug|Any CPU.ActiveCfg = Debug|Any CPU
		{3707ED5F-BF00-4BF2-918C-BB74870A9D44}.Debug|Any CPU.Build.0 = Debug|Any CPU
		{3707ED5F-BF00-4BF2-918C-BB74870A9D44}.Release|Any CPU.ActiveCfg = Release|Any CPU
		{3707ED5F-BF00-4BF2-918C-BB74870A9D44}.Release|Any CPU.Build.0 = Release|Any CPU
		{7C8F2A2C-D976-42FE-8B71-E8985ED7AA2B}.Debug|Any CPU.ActiveCfg = Debug|Any CPU
		{7C8F2A2C-D976-42FE-8B71-E8985ED7AA2B}.Debug|Any CPU.Build.0 = Debug|Any CPU
		{7C8F2A2C-D976-42FE-8B71-E8985ED7AA2B}.Release|Any CPU.ActiveCfg = Release|Any CPU
		{7C8F2A2C-D976-42FE-8B71-E8985ED7AA2B}.Release|Any CPU.Build.0 = Release|Any CPU
		{B2665F1B-3366-4753-9CF7-DB78B19B4047}.Debug|Any CPU.ActiveCfg = Debug|Any CPU
		{B2665F1B-3366-4753-9CF7-DB78B19B4047}.Debug|Any CPU.Build.0 = Debug|Any CPU
		{B2665F1B-3366-4753-9CF7-DB78B19B4047}.Release|Any CPU.ActiveCfg = Release|Any CPU
		{B2665F1B-3366-4753-9CF7-DB78B19B4047}.Release|Any CPU.Build.0 = Release|Any CPU
		{86A78879-E71F-47E0-8441-F804DBD6651C}.Debug|Any CPU.ActiveCfg = Debug|Any CPU
		{86A78879-E71F-47E0-8441-F804DBD6651C}.Debug|Any CPU.Build.0 = Debug|Any CPU
		{86A78879-E71F-47E0-8441-F804DBD6651C}.Release|Any CPU.ActiveCfg = Release|Any CPU
		{86A78879-E71F-47E0-8441-F804DBD6651C}.Release|Any CPU.Build.0 = Release|Any CPU
		{8F4445F8-B96D-4F6F-A248-53C5A78532AC}.Debug|Any CPU.ActiveCfg = Debug|Any CPU
		{8F4445F8-B96D-4F6F-A248-53C5A78532AC}.Debug|Any CPU.Build.0 = Debug|Any CPU
		{8F4445F8-B96D-4F6F-A248-53C5A78532AC}.Release|Any CPU.ActiveCfg = Release|Any CPU
		{8F4445F8-B96D-4F6F-A248-53C5A78532AC}.Release|Any CPU.Build.0 = Release|Any CPU
		{8BDA3B8B-111A-42D4-8D06-9582D9ABF959}.Debug|Any CPU.ActiveCfg = Debug|Any CPU
		{8BDA3B8B-111A-42D4-8D06-9582D9ABF959}.Debug|Any CPU.Build.0 = Debug|Any CPU
		{8BDA3B8B-111A-42D4-8D06-9582D9ABF959}.Release|Any CPU.ActiveCfg = Release|Any CPU
		{8BDA3B8B-111A-42D4-8D06-9582D9ABF959}.Release|Any CPU.Build.0 = Release|Any CPU
	EndGlobalSection
	GlobalSection(SolutionProperties) = preSolution
		HideSolutionNode = FALSE
	EndGlobalSection
	GlobalSection(ExtensibilityGlobals) = postSolution
		SolutionGuid = {FCE3EF59-D248-4710-921A-E2EA9E5A0753}
	EndGlobalSection
EndGlobal
